
Microsoft Visual Studio Solution File, Format Version 12.00
# Visual Studio Version 16
VisualStudioVersion = 16.0.29215.179
MinimumVisualStudioVersion = 10.0.40219.1
Project("{FAE04EC0-301F-11D3-BF4B-00C04F79EFBC}") = "Create your own adventure game", "Create your own adventure game\Create your own adventure game.csproj", "{D99C79F8-9D40-4C8B-9FC3-117A203729D6}"
EndProject
Global
	GlobalSection(SolutionConfigurationPlatforms) = preSolution
		Debug|Any CPU = Debug|Any CPU
		Release|Any CPU = Release|Any CPU
	EndGlobalSection
	GlobalSection(ProjectConfigurationPlatforms) = postSolution
		{D99C79F8-9D40-4C8B-9FC3-117A203729D6}.Debug|Any CPU.ActiveCfg = Debug|Any CPU
		{D99C79F8-9D40-4C8B-9FC3-117A203729D6}.Debug|Any CPU.Build.0 = Debug|Any CPU
		{D99C79F8-9D40-4C8B-9FC3-117A203729D6}.Release|Any CPU.ActiveCfg = Release|Any CPU
		{D99C79F8-9D40-4C8B-9FC3-117A203729D6}.Release|Any CPU.Build.0 = Release|Any CPU
	EndGlobalSection
	GlobalSection(SolutionProperties) = preSolution
		HideSolutionNode = FALSE
	EndGlobalSection
	GlobalSection(ExtensibilityGlobals) = postSolution
		SolutionGuid = {8656DFFB-E073-4AC5-9728-0B2D48B05D26}
	EndGlobalSection
EndGlobal
